
Microsoft Visual Studio Solution File, Format Version 12.00
Project("{FAE04EC0-301F-11D3-BF4B-00C04F79EFBC}") = "OtelDemoApp", "OtelDemoApp\OtelDemoApp.csproj", "{803B0D66-A1CB-4D9D-9F03-876F8B45A21B}"
EndProject
Global
	GlobalSection(SolutionConfigurationPlatforms) = preSolution
		Debug|Any CPU = Debug|Any CPU
		Release|Any CPU = Release|Any CPU
	EndGlobalSection
	GlobalSection(ProjectConfigurationPlatforms) = postSolution
		{803B0D66-A1CB-4D9D-9F03-876F8B45A21B}.Debug|Any CPU.ActiveCfg = Debug|Any CPU
		{803B0D66-A1CB-4D9D-9F03-876F8B45A21B}.Debug|Any CPU.Build.0 = Debug|Any CPU
		{803B0D66-A1CB-4D9D-9F03-876F8B45A21B}.Release|Any CPU.ActiveCfg = Release|Any CPU
		{803B0D66-A1CB-4D9D-9F03-876F8B45A21B}.Release|Any CPU.Build.0 = Release|Any CPU
	EndGlobalSection
EndGlobal
